
Microsoft Visual Studio Solution File, Format Version 12.00
Project("{FAE04EC0-301F-11D3-BF4B-00C04F79EFBC}") = "FlashitoSolid", "FlashitoSolid\FlashitoSolid.csproj", "{65DC59C2-2352-4FD3-B6AE-B7849E3CD71E}"
EndProject
Project("{FAE04EC0-301F-11D3-BF4B-00C04F79EFBC}") = "SolidLibrary", "SolidLibrary\SolidLibrary.csproj", "{6EB586F6-53CF-4B39-9EE6-DEB440ED6779}"
EndProject
Global
	GlobalSection(SolutionConfigurationPlatforms) = preSolution
		Debug|Any CPU = Debug|Any CPU
		Release|Any CPU = Release|Any CPU
	EndGlobalSection
	GlobalSection(ProjectConfigurationPlatforms) = postSolution
		{65DC59C2-2352-4FD3-B6AE-B7849E3CD71E}.Debug|Any CPU.ActiveCfg = Debug|Any CPU
		{65DC59C2-2352-4FD3-B6AE-B7849E3CD71E}.Debug|Any CPU.Build.0 = Debug|Any CPU
		{65DC59C2-2352-4FD3-B6AE-B7849E3CD71E}.Release|Any CPU.ActiveCfg = Release|Any CPU
		{65DC59C2-2352-4FD3-B6AE-B7849E3CD71E}.Release|Any CPU.Build.0 = Release|Any CPU
		{6EB586F6-53CF-4B39-9EE6-DEB440ED6779}.Debug|Any CPU.ActiveCfg = Debug|Any CPU
		{6EB586F6-53CF-4B39-9EE6-DEB440ED6779}.Debug|Any CPU.Build.0 = Debug|Any CPU
		{6EB586F6-53CF-4B39-9EE6-DEB440ED6779}.Release|Any CPU.ActiveCfg = Release|Any CPU
		{6EB586F6-53CF-4B39-9EE6-DEB440ED6779}.Release|Any CPU.Build.0 = Release|Any CPU
	EndGlobalSection
EndGlobal
